
Microsoft Visual Studio Solution File, Format Version 12.00
# Visual Studio Version 16
VisualStudioVersion = 16.0.31025.218
MinimumVisualStudioVersion = 10.0.40219.1
Project("{9A19103F-16F7-4668-BE54-9A1E7A4F7556}") = "EntityFrameworkCore.UseRowNumberForPaging", "EntityFrameworkCore.UseRowNumberForPaging\EntityFrameworkCore.UseRowNumberForPaging.csproj", "{D37E73D9-2DEC-434B-B9B3-422C903E39F1}"
EndProject
Project("{FAE04EC0-301F-11D3-BF4B-00C04F79EFBC}") = "EntityFrameworkCore.UseRowNumberForPaging.Test", "EntityFrameworkCore.UseRowNumberForPaging.Test\EntityFrameworkCore.UseRowNumberForPaging.Test.csproj", "{0990BB82-6310-45A1-9AD0-B1D9E7E49B05}"
EndProject
Global
	GlobalSection(SolutionConfigurationPlatforms) = preSolution
		Debug|Any CPU = Debug|Any CPU
		Release|Any CPU = Release|Any CPU
	EndGlobalSection
	GlobalSection(ProjectConfigurationPlatforms) = postSolution
		{D37E73D9-2DEC-434B-B9B3-422C903E39F1}.Debug|Any CPU.ActiveCfg = Debug|Any CPU
		{D37E73D9-2DEC-434B-B9B3-422C903E39F1}.Debug|Any CPU.Build.0 = Debug|Any CPU
		{D37E73D9-2DEC-434B-B9B3-422C903E39F1}.Release|Any CPU.ActiveCfg = Release|Any CPU
		{D37E73D9-2DEC-434B-B9B3-422C903E39F1}.Release|Any CPU.Build.0 = Release|Any CPU
		{0990BB82-6310-45A1-9AD0-B1D9E7E49B05}.Debug|Any CPU.ActiveCfg = Debug|Any CPU
		{0990BB82-6310-45A1-9AD0-B1D9E7E49B05}.Debug|Any CPU.Build.0 = Debug|Any CPU
		{0990BB82-6310-45A1-9AD0-B1D9E7E49B05}.Release|Any CPU.ActiveCfg = Release|Any CPU
		{0990BB82-6310-45A1-9AD0-B1D9E7E49B05}.Release|Any CPU.Build.0 = Release|Any CPU
	EndGlobalSection
	GlobalSection(SolutionProperties) = preSolution
		HideSolutionNode = FALSE
	EndGlobalSection
	GlobalSection(ExtensibilityGlobals) = postSolution
		SolutionGuid = {301F8FD6-7727-4C6F-AD04-A20AACADBEE8}
	EndGlobalSection
EndGlobal
